
Microsoft Visual Studio Solution File, Format Version 12.00
# Visual Studio Version 16
VisualStudioVersion = 16.0.30114.105
MinimumVisualStudioVersion = 10.0.40219.1
Project("{FAE04EC0-301F-11D3-BF4B-00C04F79EFBC}") = "API", "API\API.csproj", "{CA19480B-1F53-4E0A-A5D8-549FE4789872}"
EndProject
Project("{FAE04EC0-301F-11D3-BF4B-00C04F79EFBC}") = "Core", "Core\Core.csproj", "{B4EF9D11-3A0B-4611-86C1-BF6E822EC0D5}"
EndProject
Project("{FAE04EC0-301F-11D3-BF4B-00C04F79EFBC}") = "Infrastructure", "Infrastructure\Infrastructure.csproj", "{EB9CB7B5-5F3C-4012-8802-3E1C4BA552D4}"
EndProject
Global
	GlobalSection(SolutionConfigurationPlatforms) = preSolution
		Debug|Any CPU = Debug|Any CPU
		Release|Any CPU = Release|Any CPU
	EndGlobalSection
	GlobalSection(SolutionProperties) = preSolution
		HideSolutionNode = FALSE
	EndGlobalSection
	GlobalSection(ProjectConfigurationPlatforms) = postSolution
		{CA19480B-1F53-4E0A-A5D8-549FE4789872}.Debug|Any CPU.ActiveCfg = Debug|Any CPU
		{CA19480B-1F53-4E0A-A5D8-549FE4789872}.Debug|Any CPU.Build.0 = Debug|Any CPU
		{CA19480B-1F53-4E0A-A5D8-549FE4789872}.Release|Any CPU.ActiveCfg = Release|Any CPU
		{CA19480B-1F53-4E0A-A5D8-549FE4789872}.Release|Any CPU.Build.0 = Release|Any CPU
		{B4EF9D11-3A0B-4611-86C1-BF6E822EC0D5}.Debug|Any CPU.ActiveCfg = Debug|Any CPU
		{B4EF9D11-3A0B-4611-86C1-BF6E822EC0D5}.Debug|Any CPU.Build.0 = Debug|Any CPU
		{B4EF9D11-3A0B-4611-86C1-BF6E822EC0D5}.Release|Any CPU.ActiveCfg = Release|Any CPU
		{B4EF9D11-3A0B-4611-86C1-BF6E822EC0D5}.Release|Any CPU.Build.0 = Release|Any CPU
		{EB9CB7B5-5F3C-4012-8802-3E1C4BA552D4}.Debug|Any CPU.ActiveCfg = Debug|Any CPU
		{EB9CB7B5-5F3C-4012-8802-3E1C4BA552D4}.Debug|Any CPU.Build.0 = Debug|Any CPU
		{EB9CB7B5-5F3C-4012-8802-3E1C4BA552D4}.Release|Any CPU.ActiveCfg = Release|Any CPU
		{EB9CB7B5-5F3C-4012-8802-3E1C4BA552D4}.Release|Any CPU.Build.0 = Release|Any CPU
	EndGlobalSection
EndGlobal
